// !$*UTF8*$!
{
	archiveVersion = 1;
	classes = {
	};
	objectVersion = 55;
	objects = {

/* Begin PBXBuildFile section */
		4F37867727F543F70015806A /* main.cpp in Sources */ = {isa = PBXBuildFile; fileRef = 4F37867627F543F70015806A /* main.cpp */; };
		4F37867F27F5444E0015806A /* SDL2.framework in Frameworks */ = {isa = PBXBuildFile; fileRef = 4F37867E27F5444E0015806A /* SDL2.framework */; };
		4F37868127F544630015806A /* SDL2_image.framework in Frameworks */ = {isa = PBXBuildFile; fileRef = 4F37868027F544630015806A /* SDL2_image.framework */; };
		4F37868527F546F30015806A /* SDL_Utils.cpp in Sources */ = {isa = PBXBuildFile; fileRef = 4F37868427F546F30015806A /* SDL_Utils.cpp */; };
		4F37868727F54F760015806A /* SDL2_ttf.framework in Frameworks */ = {isa = PBXBuildFile; fileRef = 4F37868627F54F760015806A /* SDL2_ttf.framework */; };
/* End PBXBuildFile section */

/* Begin PBXCopyFilesBuildPhase section */
		4F37867127F543F70015806A /* CopyFiles */ = {
			isa = PBXCopyFilesBuildPhase;
			buildActionMask = 2147483647;
			dstPath = /usr/share/man/man1/;
			dstSubfolderSpec = 0;
			files = (
			);
			runOnlyForDeploymentPostprocessing = 1;
		};
/* End PBXCopyFilesBuildPhase section */

/* Begin PBXFileReference section */
		4F37867327F543F70015806A /* hangman */ = {isa = PBXFileReference; explicitFileType = "compiled.mach-o.executable"; includeInIndex = 0; path = hangman; sourceTree = BUILT_PRODUCTS_DIR; };
		4F37867627F543F70015806A /* main.cpp */ = {isa = PBXFileReference; lastKnownFileType = sourcecode.cpp.cpp; path = main.cpp; sourceTree = "<group>"; };
		4F37867E27F5444E0015806A /* SDL2.framework */ = {isa = PBXFileReference; lastKnownFileType = wrapper.framework; name = SDL2.framework; path = ../../../../../../../../Library/Frameworks/SDL2.framework; sourceTree = "<group>"; };
		4F37868027F544630015806A /* SDL2_image.framework */ = {isa = PBXFileReference; lastKnownFileType = wrapper.framework; name = SDL2_image.framework; path = ../../../../../../../../Library/Frameworks/SDL2_image.framework; sourceTree = "<group>"; };
		4F37868327F545B80015806A /* SDL_Utils.h */ = {isa = PBXFileReference; lastKnownFileType = sourcecode.c.h; path = SDL_Utils.h; sourceTree = "<group>"; };
		4F37868427F546F30015806A /* SDL_Utils.cpp */ = {isa = PBXFileReference; lastKnownFileType = sourcecode.cpp.cpp; path = SDL_Utils.cpp; sourceTree = "<group>"; };
		4F37868627F54F760015806A /* SDL2_ttf.framework */ = {isa = PBXFileReference; lastKnownFileType = wrapper.framework; name = SDL2_ttf.framework; path = ../../../../../../../../Library/Frameworks/SDL2_ttf.framework; sourceTree = "<group>"; };
/* End PBXFileReference section */

/* Begin PBXFrameworksBuildPhase section */
		4F37867027F543F70015806A /* Frameworks */ = {
			isa = PBXFrameworksBuildPhase;
			buildActionMask = 2147483647;
			files = (
				4F37868727F54F760015806A /* SDL2_ttf.framework in Frameworks */,
				4F37868127F544630015806A /* SDL2_image.framework in Frameworks */,
				4F37867F27F5444E0015806A /* SDL2.framework in Frameworks */,
			);
			runOnlyForDeploymentPostprocessing = 0;
		};
/* End PBXFrameworksBuildPhase section */

/* Begin PBXGroup section */
		4F37866A27F543F70015806A = {
			isa = PBXGroup;
			children = (
				4F37867527F543F70015806A /* hangman */,
				4F37867427F543F70015806A /* Products */,
				4F37867D27F5444E0015806A /* Frameworks */,
			);
			sourceTree = "<group>";
		};
		4F37867427F543F70015806A /* Products */ = {
			isa = PBXGroup;
			children = (
				4F37867327F543F70015806A /* hangman */,
			);
			name = Products;
			sourceTree = "<group>";
		};
		4F37867527F543F70015806A /* hangman */ = {
			isa = PBXGroup;
			children = (
				4F37868827F553B00015806A /* assets */,
				4F37868227F545680015806A /* utils */,
				4F37867627F543F70015806A /* main.cpp */,
			);
			path = hangman;
			sourceTree = "<group>";
		};
		4F37867D27F5444E0015806A /* Frameworks */ = {
			isa = PBXGroup;
			children = (
				4F37868627F54F760015806A /* SDL2_ttf.framework */,
				4F37868027F544630015806A /* SDL2_image.framework */,
				4F37867E27F5444E0015806A /* SDL2.framework */,
			);
			name = Frameworks;
			sourceTree = "<group>";
		};
		4F37868227F545680015806A /* utils */ = {
			isa = PBXGroup;
			children = (
				4F37868327F545B80015806A /* SDL_Utils.h */,
				4F37868427F546F30015806A /* SDL_Utils.cpp */,
			);
			path = utils;
			sourceTree = "<group>";
		};
		4F37868827F553B00015806A /* assets */ = {
			isa = PBXGroup;
			children = (
				4F37868A27F553C60015806A /* fonts */,
				4F37868927F553B90015806A /* images */,
			);
			path = assets;
			sourceTree = "<group>";
		};
		4F37868927F553B90015806A /* images */ = {
			isa = PBXGroup;
			children = (
			);
			path = images;
			sourceTree = "<group>";
		};
		4F37868A27F553C60015806A /* fonts */ = {
			isa = PBXGroup;
			children = (
			);
			path = fonts;
			sourceTree = "<group>";
		};
/* End PBXGroup section */

/* Begin PBXNativeTarget section */
		4F37867227F543F70015806A /* hangman */ = {
			isa = PBXNativeTarget;
			buildConfigurationList = 4F37867A27F543F70015806A /* Build configuration list for PBXNativeTarget "hangman" */;
			buildPhases = (
				4F37866F27F543F70015806A /* Sources */,
				4F37867027F543F70015806A /* Frameworks */,
				4F37867127F543F70015806A /* CopyFiles */,
			);
			buildRules = (
			);
			dependencies = (
			);
			name = hangman;
			productName = hangman;
			productReference = 4F37867327F543F70015806A /* hangman */;
			productType = "com.apple.product-type.tool";
		};
/* End PBXNativeTarget section */

/* Begin PBXProject section */
		4F37866B27F543F70015806A /* Project object */ = {
			isa = PBXProject;
			attributes = {
				BuildIndependentTargetsInParallel = 1;
				LastUpgradeCheck = 1320;
				TargetAttributes = {
					4F37867227F543F70015806A = {
						CreatedOnToolsVersion = 13.2.1;
					};
				};
			};
			buildConfigurationList = 4F37866E27F543F70015806A /* Build configuration list for PBXProject "hangman" */;
			compatibilityVersion = "Xcode 13.0";
			developmentRegion = en;
			hasScannedForEncodings = 0;
			knownRegions = (
				en,
				Base,
			);
			mainGroup = 4F37866A27F543F70015806A;
			productRefGroup = 4F37867427F543F70015806A /* Products */;
			projectDirPath = "";
			projectRoot = "";
			targets = (
				4F37867227F543F70015806A /* hangman */,
			);
		};
/* End PBXProject section */

/* Begin PBXSourcesBuildPhase section */
		4F37866F27F543F70015806A /* Sources */ = {
			isa = PBXSourcesBuildPhase;
			buildActionMask = 2147483647;
			files = (
				4F37867727F543F70015806A /* main.cpp in Sources */,
				4F37868527F546F30015806A /* SDL_Utils.cpp in Sources */,
			);
			runOnlyForDeploymentPostprocessing = 0;
		};
/* End PBXSourcesBuildPhase section */

/* Begin XCBuildConfiguration section */
		4F37867827F543F70015806A /* Debug */ = {
			isa = XCBuildConfiguration;
			buildSettings = {
				ALWAYS_SEARCH_USER_PATHS = NO;
				CLANG_ANALYZER_NONNULL = YES;
				CLANG_ANALYZER_NUMBER_OBJECT_CONVERSION = YES_AGGRESSIVE;
				CLANG_CXX_LANGUAGE_STANDARD = "gnu++17";
				CLANG_CXX_LIBRARY = "libc++";
				CLANG_ENABLE_MODULES = YES;
				CLANG_ENABLE_OBJC_ARC = YES;
				CLANG_ENABLE_OBJC_WEAK = YES;
				CLANG_WARN_BLOCK_CAPTURE_AUTORELEASING = YES;
				CLANG_WARN_BOOL_CONVERSION = YES;
				CLANG_WARN_COMMA = YES;
				CLANG_WARN_CONSTANT_CONVERSION = YES;
				CLANG_WARN_DEPRECATED_OBJC_IMPLEMENTATIONS = YES;
				CLANG_WARN_DIRECT_OBJC_ISA_USAGE = YES_ERROR;
				CLANG_WARN_DOCUMENTATION_COMMENTS = YES;
				CLANG_WARN_EMPTY_BODY = YES;
				CLANG_WARN_ENUM_CONVERSION = YES;
				CLANG_WARN_INFINITE_RECURSION = YES;
				CLANG_WARN_INT_CONVERSION = YES;
				CLANG_WARN_NON_LITERAL_NULL_CONVERSION = YES;
				CLANG_WARN_OBJC_IMPLICIT_RETAIN_SELF = YES;
				CLANG_WARN_OBJC_LITERAL_CONVERSION = YES;
				CLANG_WARN_OBJC_ROOT_CLASS = YES_ERROR;
				CLANG_WARN_QUOTED_INCLUDE_IN_FRAMEWORK_HEADER = YES;
				CLANG_WARN_RANGE_LOOP_ANALYSIS = YES;
				CLANG_WARN_STRICT_PROTOTYPES = YES;
				CLANG_WARN_SUSPICIOUS_MOVE = YES;
				CLANG_WARN_UNGUARDED_AVAILABILITY = YES_AGGRESSIVE;
				CLANG_WARN_UNREACHABLE_CODE = YES;
				CLANG_WARN__DUPLICATE_METHOD_MATCH = YES;
				COPY_PHASE_STRIP = NO;
				DEBUG_INFORMATION_FORMAT = dwarf;
				ENABLE_STRICT_OBJC_MSGSEND = YES;
				ENABLE_TESTABILITY = YES;
				GCC_C_LANGUAGE_STANDARD = gnu11;
				GCC_DYNAMIC_NO_PIC = NO;
				GCC_NO_COMMON_BLOCKS = YES;
				GCC_OPTIMIZATION_LEVEL = 0;
				GCC_PREPROCESSOR_DEFINITIONS = (
					"DEBUG=1",
					"$(inherited)",
				);
				GCC_WARN_64_TO_32_BIT_CONVERSION = YES;
				GCC_WARN_ABOUT_RETURN_TYPE = YES_ERROR;
				GCC_WARN_UNDECLARED_SELECTOR = YES;
				GCC_WARN_UNINITIALIZED_AUTOS = YES_AGGRESSIVE;
				GCC_WARN_UNUSED_FUNCTION = YES;
				GCC_WARN_UNUSED_VARIABLE = YES;
				MACOSX_DEPLOYMENT_TARGET = 11.6;
				MTL_ENABLE_DEBUG_INFO = INCLUDE_SOURCE;
				MTL_FAST_MATH = YES;
				ONLY_ACTIVE_ARCH = YES;
				SDKROOT = macosx;
			};
			name = Debug;
		};
		4F37867927F543F70015806A /* Release */ = {
			isa = XCBuildConfiguration;
			buildSettings = {
				ALWAYS_SEARCH_USER_PATHS = NO;
				CLANG_ANALYZER_NONNULL = YES;
				CLANG_ANALYZER_NUMBER_OBJECT_CONVERSION = YES_AGGRESSIVE;
				CLANG_CXX_LANGUAGE_STANDARD = "gnu++17";
				CLANG_CXX_LIBRARY = "libc++";
				CLANG_ENABLE_MODULES = YES;
				CLANG_ENABLE_OBJC_ARC = YES;
				CLANG_ENABLE_OBJC_WEAK = YES;
				CLANG_WARN_BLOCK_CAPTURE_AUTORELEASING = YES;
				CLANG_WARN_BOOL_CONVERSION = YES;
				CLANG_WARN_COMMA = YES;
				CLANG_WARN_CONSTANT_CONVERSION = YES;
				CLANG_WARN_DEPRECATED_OBJC_IMPLEMENTATIONS = YES;
				CLANG_WARN_DIRECT_OBJC_ISA_USAGE = YES_ERROR;
				CLANG_WARN_DOCUMENTATION_COMMENTS = YES;
				CLANG_WARN_EMPTY_BODY = YES;
				CLANG_WARN_ENUM_CONVERSION = YES;
				CLANG_WARN_INFINITE_RECURSION = YES;
				CLANG_WARN_INT_CONVERSION = YES;
				CLANG_WARN_NON_LITERAL_NULL_CONVERSION = YES;
				CLANG_WARN_OBJC_IMPLICIT_RETAIN_SELF = YES;
				CLANG_WARN_OBJC_LITERAL_CONVERSION = YES;
				CLANG_WARN_OBJC_ROOT_CLASS = YES_ERROR;
				CLANG_WARN_QUOTED_INCLUDE_IN_FRAMEWORK_HEADER = YES;
				CLANG_WARN_RANGE_LOOP_ANALYSIS = YES;
				CLANG_WARN_STRICT_PROTOTYPES = YES;
				CLANG_WARN_SUSPICIOUS_MOVE = YES;
				CLANG_WARN_UNGUARDED_AVAILABILITY = YES_AGGRESSIVE;
				CLANG_WARN_UNREACHABLE_CODE = YES;
				CLANG_WARN__DUPLICATE_METHOD_MATCH = YES;
				COPY_PHASE_STRIP = NO;
				DEBUG_INFORMATION_FORMAT = "dwarf-with-dsym";
				ENABLE_NS_ASSERTIONS = NO;
				ENABLE_STRICT_OBJC_MSGSEND = YES;
				GCC_C_LANGUAGE_STANDARD = gnu11;
				GCC_NO_COMMON_BLOCKS = YES;
				GCC_WARN_64_TO_32_BIT_CONVERSION = YES;
				GCC_WARN_ABOUT_RETURN_TYPE = YES_ERROR;
				GCC_WARN_UNDECLARED_SELECTOR = YES;
				GCC_WARN_UNINITIALIZED_AUTOS = YES_AGGRESSIVE;
				GCC_WARN_UNUSED_FUNCTION = YES;
				GCC_WARN_UNUSED_VARIABLE = YES;
				MACOSX_DEPLOYMENT_TARGET = 11.6;
				MTL_ENABLE_DEBUG_INFO = NO;
				MTL_FAST_MATH = YES;
				SDKROOT = macosx;
			};
			name = Release;
		};
		4F37867B27F543F70015806A /* Debug */ = {
			isa = XCBuildConfiguration;
			buildSettings = {
				CODE_SIGN_STYLE = Automatic;
				DEVELOPMENT_TEAM = 5TJXT4H7U8;
				ENABLE_HARDENED_RUNTIME = YES;
				FRAMEWORK_SEARCH_PATHS = (
					"$(inherited)",
					"$(LOCAL_LIBRARY_DIR)/Frameworks",
				);
				PRODUCT_NAME = "$(TARGET_NAME)";
			};
			name = Debug;
		};
		4F37867C27F543F70015806A /* Release */ = {
			isa = XCBuildConfiguration;
			buildSettings = {
				CODE_SIGN_STYLE = Automatic;
				DEVELOPMENT_TEAM = 5TJXT4H7U8;
				ENABLE_HARDENED_RUNTIME = YES;
				FRAMEWORK_SEARCH_PATHS = (
					"$(inherited)",
					"$(LOCAL_LIBRARY_DIR)/Frameworks",
				);
				PRODUCT_NAME = "$(TARGET_NAME)";
			};
			name = Release;
		};
/* End XCBuildConfiguration section */

/* Begin XCConfigurationList section */
		4F37866E27F543F70015806A /* Build configuration list for PBXProject "hangman" */ = {
			isa = XCConfigurationList;
			buildConfigurations = (
				4F37867827F543F70015806A /* Debug */,
				4F37867927F543F70015806A /* Release */,
			);
			defaultConfigurationIsVisible = 0;
			defaultConfigurationName = Release;
		};
		4F37867A27F543F70015806A /* Build configuration list for PBXNativeTarget "hangman" */ = {
			isa = XCConfigurationList;
			buildConfigurations = (
				4F37867B27F543F70015806A /* Debug */,
				4F37867C27F543F70015806A /* Release */,
			);
			defaultConfigurationIsVisible = 0;
			defaultConfigurationName = Release;
		};
/* End XCConfigurationList section */
	};
	rootObject = 4F37866B27F543F70015806A /* Project object */;
}
